
Microsoft Visual Studio Solution File, Format Version 12.00
# Visual Studio Version 17
VisualStudioVersion = 17.11.35222.181
MinimumVisualStudioVersion = 10.0.40219.1
Project("{9A19103F-16F7-4668-BE54-9A1E7A4F7556}") = "Tyuiu.ZhukovaYA.Sprint4.Task0.V11.Lib", "Tyuiu.ZhukovaYA.Sprint4.Task0.V11.Lib\Tyuiu.ZhukovaYA.Sprint4.Task0.V11.Lib.csproj", "{FDC5B9D0-713C-4437-B68B-82EC6D6EB0F0}"
EndProject
Project("{9A19103F-16F7-4668-BE54-9A1E7A4F7556}") = "Tyuiu.ZhukovaYA.Sprint4.Task0.V11", "Tyuiu.ZhukovaYA.Sprint4.Task0.V11\Tyuiu.ZhukovaYA.Sprint4.Task0.V11.csproj", "{169176A4-02AE-46E3-8AD3-E9318C9DBB28}"
EndProject
Project("{9A19103F-16F7-4668-BE54-9A1E7A4F7556}") = "Tyuiu.ZhukovaYA.Sprint4.Task0.V11.Test", "Tyuiu.ZhukovaYA.Sprint4.Task0.V11.Test\Tyuiu.ZhukovaYA.Sprint4.Task0.V11.Test.csproj", "{B348C67F-2754-48B5-A7F9-5066AA56EB73}"
EndProject
Project("{9A19103F-16F7-4668-BE54-9A1E7A4F7556}") = "Tyuiu.ZhukovaYA.Sprint4.Task1.V8.Lib", "Tyuiu.ZhukovaYA.Sprint4.Task1.V8.Lib\Tyuiu.ZhukovaYA.Sprint4.Task1.V8.Lib.csproj", "{CD72A5DE-BB38-43B4-B5FC-ABCF62D5CA93}"
EndProject
Project("{9A19103F-16F7-4668-BE54-9A1E7A4F7556}") = "Tyuiu.ZhukovaYA.Sprint4.Task1.V8", "Tyuiu.ZhukovaYA.Sprint4.Task1.V8\Tyuiu.ZhukovaYA.Sprint4.Task1.V8.csproj", "{B88B534D-D5E0-479C-9DE4-808255D818F5}"
EndProject
Project("{9A19103F-16F7-4668-BE54-9A1E7A4F7556}") = "Tyuiu.ZhukovaYA.Sprint4.Task1.V8.Test", "Tyuiu.ZhukovaYA.Sprint4.Task1.V8.Test\Tyuiu.ZhukovaYA.Sprint4.Task1.V8.Test.csproj", "{19131994-165C-4B8A-AB56-2B1F9B8695EF}"
EndProject
Project("{2150E333-8FDC-42A3-9474-1A3956D46DE8}") = "Task0", "Task0", "{BDA58F98-852C-405B-ADAE-0AA43CD12362}"
EndProject
Project("{2150E333-8FDC-42A3-9474-1A3956D46DE8}") = "Task1", "Task1", "{744A3C85-3ED9-4D7C-AD33-E88B07C19D77}"
EndProject
Project("{9A19103F-16F7-4668-BE54-9A1E7A4F7556}") = "Tyuiu.ZhukovaYA.Sprint4.Task2.V12.Lib", "Tyuiu.ZhukovaYA.Sprint4.Task2.V12.Lib\Tyuiu.ZhukovaYA.Sprint4.Task2.V12.Lib.csproj", "{3799EC13-3875-4208-AC09-F0866A94DC25}"
EndProject
Project("{9A19103F-16F7-4668-BE54-9A1E7A4F7556}") = "Tyuiu.ZhukovaYA.Sprint4.Task2.V12", "Tyuiu.ZhukovaYA.Sprint4.Task2.V12\Tyuiu.ZhukovaYA.Sprint4.Task2.V12.csproj", "{F5CA0C13-1C12-4BD0-9F9A-C7F55623DE21}"
EndProject
Project("{9A19103F-16F7-4668-BE54-9A1E7A4F7556}") = "Tyuiu.ZhukovaYA.Sprint4.Task2.V12.Test", "Tyuiu.ZhukovaYA.Sprint4.Task2.V12.Test\Tyuiu.ZhukovaYA.Sprint4.Task2.V12.Test.csproj", "{B32BE082-6CAE-468E-B5EA-D9FFB7E47967}"
EndProject
Project("{2150E333-8FDC-42A3-9474-1A3956D46DE8}") = "Task2", "Task2", "{3E7FEB2C-2D83-411A-8957-CFCC6B13FDBC}"
EndProject
Project("{9A19103F-16F7-4668-BE54-9A1E7A4F7556}") = "Tyuiu.ZhukovaYA.Sprint4.Task3.V27.Lib", "Tyuiu.ZhukovaYA.Sprint4.Task3.V27.Lib\Tyuiu.ZhukovaYA.Sprint4.Task3.V27.Lib.csproj", "{94EF07E1-6E9B-4AAF-9620-33BB5E51F6F7}"
EndProject
Project("{9A19103F-16F7-4668-BE54-9A1E7A4F7556}") = "Tyuiu.ZhukovaYA.Sprint4.Task3.V27", "Tyuiu.ZhukovaYA.Sprint4.Task3.V27\Tyuiu.ZhukovaYA.Sprint4.Task3.V27.csproj", "{5F46505B-189A-4675-9141-752B9AB31D69}"
EndProject
Project("{9A19103F-16F7-4668-BE54-9A1E7A4F7556}") = "Tyuiu.ZhukovaYA.Sprint4.Task3.V27.Test", "Tyuiu.ZhukovaYA.Sprint4.Task3.V27.Test\Tyuiu.ZhukovaYA.Sprint4.Task3.V27.Test.csproj", "{18FFD923-EA4A-499E-85B7-EA705BAF639C}"
EndProject
Project("{2150E333-8FDC-42A3-9474-1A3956D46DE8}") = "Task3", "Task3", "{6BECC7BA-754A-4D0F-88C1-1D04AF1D5395}"
EndProject
Project("{9A19103F-16F7-4668-BE54-9A1E7A4F7556}") = "Tyuiu.ZhukovaYA.Sprint4.Task4.V5.Lib", "Tyuiu.ZhukovaYA.Sprint4.Task4.V5.Lib\Tyuiu.ZhukovaYA.Sprint4.Task4.V5.Lib.csproj", "{79161453-FDFE-4ADF-83AA-401EA6E80477}"
EndProject
Project("{9A19103F-16F7-4668-BE54-9A1E7A4F7556}") = "Tyuiu.ZhukovaYA.Sprint4.Task4.V5", "Tyuiu.ZhukovaYA.Sprint4.Task4.V5\Tyuiu.ZhukovaYA.Sprint4.Task4.V5.csproj", "{9421A524-64CC-4A66-8779-70C39EB9D5AD}"
EndProject
Project("{9A19103F-16F7-4668-BE54-9A1E7A4F7556}") = "Tyuiu.ZhukovaYA.Sprint4.Task4.V5.Test", "Tyuiu.ZhukovaYA.Sprint4.Task4.V5.Test\Tyuiu.ZhukovaYA.Sprint4.Task4.V5.Test.csproj", "{92D45A6C-6994-42D3-92BC-429AE7A373DD}"
EndProject
Project("{2150E333-8FDC-42A3-9474-1A3956D46DE8}") = "Task4", "Task4", "{0A98EAEE-2A98-4D34-9AF3-8CB38574D38B}"
EndProject
Project("{9A19103F-16F7-4668-BE54-9A1E7A4F7556}") = "Tyuiu.ZhukovaYA.Sprint4.Task5.V27.Lib", "Tyuiu.ZhukovaYA.Sprint4.Task5.V27.Lib\Tyuiu.ZhukovaYA.Sprint4.Task5.V27.Lib.csproj", "{F1A94C71-BBC1-4979-B3F4-AF4DAA0CC704}"
EndProject
Project("{9A19103F-16F7-4668-BE54-9A1E7A4F7556}") = "Tyuiu.ZhukovaYA.Sprint4.Task5.V27", "Tyuiu.ZhukovaYA.Sprint4.Task5.V27\Tyuiu.ZhukovaYA.Sprint4.Task5.V27.csproj", "{1F2E1339-3E3B-4061-A5EA-1931D8F4183B}"
EndProject
Project("{9A19103F-16F7-4668-BE54-9A1E7A4F7556}") = "Tyuiu.ZhukovaYA.Sprint4.Task5.V27.Test", "Tyuiu.ZhukovaYA.Sprint4.Task5.V27.Test\Tyuiu.ZhukovaYA.Sprint4.Task5.V27.Test.csproj", "{F9DB85C8-B279-463A-8E3B-2ADF596EF93B}"
EndProject
Project("{2150E333-8FDC-42A3-9474-1A3956D46DE8}") = "Task5", "Task5", "{793977BD-C857-48B0-B5E4-0ACF09CF37F6}"
EndProject
Global
	GlobalSection(SolutionConfigurationPlatforms) = preSolution
		Debug|Any CPU = Debug|Any CPU
		Debug|x64 = Debug|x64
		Debug|x86 = Debug|x86
		Release|Any CPU = Release|Any CPU
		Release|x64 = Release|x64
		Release|x86 = Release|x86
	EndGlobalSection
	GlobalSection(ProjectConfigurationPlatforms) = postSolution
		{FDC5B9D0-713C-4437-B68B-82EC6D6EB0F0}.Debug|Any CPU.ActiveCfg = Debug|Any CPU
		{FDC5B9D0-713C-4437-B68B-82EC6D6EB0F0}.Debug|Any CPU.Build.0 = Debug|Any CPU
		{FDC5B9D0-713C-4437-B68B-82EC6D6EB0F0}.Debug|x64.ActiveCfg = Debug|Any CPU
		{FDC5B9D0-713C-4437-B68B-82EC6D6EB0F0}.Debug|x64.Build.0 = Debug|Any CPU
		{FDC5B9D0-713C-4437-B68B-82EC6D6EB0F0}.Debug|x86.ActiveCfg = Debug|Any CPU
		{FDC5B9D0-713C-4437-B68B-82EC6D6EB0F0}.Debug|x86.Build.0 = Debug|Any CPU
		{FDC5B9D0-713C-4437-B68B-82EC6D6EB0F0}.Release|Any CPU.ActiveCfg = Release|Any CPU
		{FDC5B9D0-713C-4437-B68B-82EC6D6EB0F0}.Release|Any CPU.Build.0 = Release|Any CPU
		{FDC5B9D0-713C-4437-B68B-82EC6D6EB0F0}.Release|x64.ActiveCfg = Release|Any CPU
		{FDC5B9D0-713C-4437-B68B-82EC6D6EB0F0}.Release|x64.Build.0 = Release|Any CPU
		{FDC5B9D0-713C-4437-B68B-82EC6D6EB0F0}.Release|x86.ActiveCfg = Release|Any CPU
		{FDC5B9D0-713C-4437-B68B-82EC6D6EB0F0}.Release|x86.Build.0 = Release|Any CPU
		{169176A4-02AE-46E3-8AD3-E9318C9DBB28}.Debug|Any CPU.ActiveCfg = Debug|Any CPU
		{169176A4-02AE-46E3-8AD3-E9318C9DBB28}.Debug|Any CPU.Build.0 = Debug|Any CPU
		{169176A4-02AE-46E3-8AD3-E9318C9DBB28}.Debug|x64.ActiveCfg = Debug|Any CPU
		{169176A4-02AE-46E3-8AD3-E9318C9DBB28}.Debug|x64.Build.0 = Debug|Any CPU
		{169176A4-02AE-46E3-8AD3-E9318C9DBB28}.Debug|x86.ActiveCfg = Debug|Any CPU
		{169176A4-02AE-46E3-8AD3-E9318C9DBB28}.Debug|x86.Build.0 = Debug|Any CPU
		{169176A4-02AE-46E3-8AD3-E9318C9DBB28}.Release|Any CPU.ActiveCfg = Release|Any CPU
		{169176A4-02AE-46E3-8AD3-E9318C9DBB28}.Release|Any CPU.Build.0 = Release|Any CPU
		{169176A4-02AE-46E3-8AD3-E9318C9DBB28}.Release|x64.ActiveCfg = Release|Any CPU
		{169176A4-02AE-46E3-8AD3-E9318C9DBB28}.Release|x64.Build.0 = Release|Any CPU
		{169176A4-02AE-46E3-8AD3-E9318C9DBB28}.Release|x86.ActiveCfg = Release|Any CPU
		{169176A4-02AE-46E3-8AD3-E9318C9DBB28}.Release|x86.Build.0 = Release|Any CPU
		{B348C67F-2754-48B5-A7F9-5066AA56EB73}.Debug|Any CPU.ActiveCfg = Debug|Any CPU
		{B348C67F-2754-48B5-A7F9-5066AA56EB73}.Debug|Any CPU.Build.0 = Debug|Any CPU
		{B348C67F-2754-48B5-A7F9-5066AA56EB73}.Debug|x64.ActiveCfg = Debug|Any CPU
		{B348C67F-2754-48B5-A7F9-5066AA56EB73}.Debug|x64.Build.0 = Debug|Any CPU
		{B348C67F-2754-48B5-A7F9-5066AA56EB73}.Debug|x86.ActiveCfg = Debug|Any CPU
		{B348C67F-2754-48B5-A7F9-5066AA56EB73}.Debug|x86.Build.0 = Debug|Any CPU
		{B348C67F-2754-48B5-A7F9-5066AA56EB73}.Release|Any CPU.ActiveCfg = Release|Any CPU
		{B348C67F-2754-48B5-A7F9-5066AA56EB73}.Release|Any CPU.Build.0 = Release|Any CPU
		{B348C67F-2754-48B5-A7F9-5066AA56EB73}.Release|x64.ActiveCfg = Release|Any CPU
		{B348C67F-2754-48B5-A7F9-5066AA56EB73}.Release|x64.Build.0 = Release|Any CPU
		{B348C67F-2754-48B5-A7F9-5066AA56EB73}.Release|x86.ActiveCfg = Release|Any CPU
		{B348C67F-2754-48B5-A7F9-5066AA56EB73}.Release|x86.Build.0 = Release|Any CPU
		{CD72A5DE-BB38-43B4-B5FC-ABCF62D5CA93}.Debug|Any CPU.ActiveCfg = Debug|Any CPU
		{CD72A5DE-BB38-43B4-B5FC-ABCF62D5CA93}.Debug|Any CPU.Build.0 = Debug|Any CPU
		{CD72A5DE-BB38-43B4-B5FC-ABCF62D5CA93}.Debug|x64.ActiveCfg = Debug|Any CPU
		{CD72A5DE-BB38-43B4-B5FC-ABCF62D5CA93}.Debug|x64.Build.0 = Debug|Any CPU
		{CD72A5DE-BB38-43B4-B5FC-ABCF62D5CA93}.Debug|x86.ActiveCfg = Debug|Any CPU
		{CD72A5DE-BB38-43B4-B5FC-ABCF62D5CA93}.Debug|x86.Build.0 = Debug|Any CPU
		{CD72A5DE-BB38-43B4-B5FC-ABCF62D5CA93}.Release|Any CPU.ActiveCfg = Release|Any CPU
		{CD72A5DE-BB38-43B4-B5FC-ABCF62D5CA93}.Release|Any CPU.Build.0 = Release|Any CPU
		{CD72A5DE-BB38-43B4-B5FC-ABCF62D5CA93}.Release|x64.ActiveCfg = Release|Any CPU
		{CD72A5DE-BB38-43B4-B5FC-ABCF62D5CA93}.Release|x64.Build.0 = Release|Any CPU
		{CD72A5DE-BB38-43B4-B5FC-ABCF62D5CA93}.Release|x86.ActiveCfg = Release|Any CPU
		{CD72A5DE-BB38-43B4-B5FC-ABCF62D5CA93}.Release|x86.Build.0 = Release|Any CPU
		{B88B534D-D5E0-479C-9DE4-808255D818F5}.Debug|Any CPU.ActiveCfg = Debug|Any CPU
		{B88B534D-D5E0-479C-9DE4-808255D818F5}.Debug|Any CPU.Build.0 = Debug|Any CPU
		{B88B534D-D5E0-479C-9DE4-808255D818F5}.Debug|x64.ActiveCfg = Debug|Any CPU
		{B88B534D-D5E0-479C-9DE4-808255D818F5}.Debug|x64.Build.0 = Debug|Any CPU
		{B88B534D-D5E0-479C-9DE4-808255D818F5}.Debug|x86.ActiveCfg = Debug|Any CPU
		{B88B534D-D5E0-479C-9DE4-808255D818F5}.Debug|x86.Build.0 = Debug|Any CPU
		{B88B534D-D5E0-479C-9DE4-808255D818F5}.Release|Any CPU.ActiveCfg = Release|Any CPU
		{B88B534D-D5E0-479C-9DE4-808255D818F5}.Release|Any CPU.Build.0 = Release|Any CPU
		{B88B534D-D5E0-479C-9DE4-808255D818F5}.Release|x64.ActiveCfg = Release|Any CPU
		{B88B534D-D5E0-479C-9DE4-808255D818F5}.Release|x64.Build.0 = Release|Any CPU
		{B88B534D-D5E0-479C-9DE4-808255D818F5}.Release|x86.ActiveCfg = Release|Any CPU
		{B88B534D-D5E0-479C-9DE4-808255D818F5}.Release|x86.Build.0 = Release|Any CPU
		{19131994-165C-4B8A-AB56-2B1F9B8695EF}.Debug|Any CPU.ActiveCfg = Debug|Any CPU
		{19131994-165C-4B8A-AB56-2B1F9B8695EF}.Debug|Any CPU.Build.0 = Debug|Any CPU
		{19131994-165C-4B8A-AB56-2B1F9B8695EF}.Debug|x64.ActiveCfg = Debug|Any CPU
		{19131994-165C-4B8A-AB56-2B1F9B8695EF}.Debug|x64.Build.0 = Debug|Any CPU
		{19131994-165C-4B8A-AB56-2B1F9B8695EF}.Debug|x86.ActiveCfg = Debug|Any CPU
		{19131994-165C-4B8A-AB56-2B1F9B8695EF}.Debug|x86.Build.0 = Debug|Any CPU
		{19131994-165C-4B8A-AB56-2B1F9B8695EF}.Release|Any CPU.ActiveCfg = Release|Any CPU
		{19131994-165C-4B8A-AB56-2B1F9B8695EF}.Release|Any CPU.Build.0 = Release|Any CPU
		{19131994-165C-4B8A-AB56-2B1F9B8695EF}.Release|x64.ActiveCfg = Release|Any CPU
		{19131994-165C-4B8A-AB56-2B1F9B8695EF}.Release|x64.Build.0 = Release|Any CPU
		{19131994-165C-4B8A-AB56-2B1F9B8695EF}.Release|x86.ActiveCfg = Release|Any CPU
		{19131994-165C-4B8A-AB56-2B1F9B8695EF}.Release|x86.Build.0 = Release|Any CPU
		{3799EC13-3875-4208-AC09-F0866A94DC25}.Debug|Any CPU.ActiveCfg = Debug|Any CPU
		{3799EC13-3875-4208-AC09-F0866A94DC25}.Debug|Any CPU.Build.0 = Debug|Any CPU
		{3799EC13-3875-4208-AC09-F0866A94DC25}.Debug|x64.ActiveCfg = Debug|Any CPU
		{3799EC13-3875-4208-AC09-F0866A94DC25}.Debug|x64.Build.0 = Debug|Any CPU
		{3799EC13-3875-4208-AC09-F0866A94DC25}.Debug|x86.ActiveCfg = Debug|Any CPU
		{3799EC13-3875-4208-AC09-F0866A94DC25}.Debug|x86.Build.0 = Debug|Any CPU
		{3799EC13-3875-4208-AC09-F0866A94DC25}.Release|Any CPU.ActiveCfg = Release|Any CPU
		{3799EC13-3875-4208-AC09-F0866A94DC25}.Release|Any CPU.Build.0 = Release|Any CPU
		{3799EC13-3875-4208-AC09-F0866A94DC25}.Release|x64.ActiveCfg = Release|Any CPU
		{3799EC13-3875-4208-AC09-F0866A94DC25}.Release|x64.Build.0 = Release|Any CPU
		{3799EC13-3875-4208-AC09-F0866A94DC25}.Release|x86.ActiveCfg = Release|Any CPU
		{3799EC13-3875-4208-AC09-F0866A94DC25}.Release|x86.Build.0 = Release|Any CPU
		{F5CA0C13-1C12-4BD0-9F9A-C7F55623DE21}.Debug|Any CPU.ActiveCfg = Debug|Any CPU
		{F5CA0C13-1C12-4BD0-9F9A-C7F55623DE21}.Debug|Any CPU.Build.0 = Debug|Any CPU
		{F5CA0C13-1C12-4BD0-9F9A-C7F55623DE21}.Debug|x64.ActiveCfg = Debug|Any CPU
		{F5CA0C13-1C12-4BD0-9F9A-C7F55623DE21}.Debug|x64.Build.0 = Debug|Any CPU
		{F5CA0C13-1C12-4BD0-9F9A-C7F55623DE21}.Debug|x86.ActiveCfg = Debug|Any CPU
		{F5CA0C13-1C12-4BD0-9F9A-C7F55623DE21}.Debug|x86.Build.0 = Debug|Any CPU
		{F5CA0C13-1C12-4BD0-9F9A-C7F55623DE21}.Release|Any CPU.ActiveCfg = Release|Any CPU
		{F5CA0C13-1C12-4BD0-9F9A-C7F55623DE21}.Release|Any CPU.Build.0 = Release|Any CPU
		{F5CA0C13-1C12-4BD0-9F9A-C7F55623DE21}.Release|x64.ActiveCfg = Release|Any CPU
		{F5CA0C13-1C12-4BD0-9F9A-C7F55623DE21}.Release|x64.Build.0 = Release|Any CPU
		{F5CA0C13-1C12-4BD0-9F9A-C7F55623DE21}.Release|x86.ActiveCfg = Release|Any CPU
		{F5CA0C13-1C12-4BD0-9F9A-C7F55623DE21}.Release|x86.Build.0 = Release|Any CPU
		{B32BE082-6CAE-468E-B5EA-D9FFB7E47967}.Debug|Any CPU.ActiveCfg = Debug|Any CPU
		{B32BE082-6CAE-468E-B5EA-D9FFB7E47967}.Debug|Any CPU.Build.0 = Debug|Any CPU
		{B32BE082-6CAE-468E-B5EA-D9FFB7E47967}.Debug|x64.ActiveCfg = Debug|Any CPU
		{B32BE082-6CAE-468E-B5EA-D9FFB7E47967}.Debug|x64.Build.0 = Debug|Any CPU
		{B32BE082-6CAE-468E-B5EA-D9FFB7E47967}.Debug|x86.ActiveCfg = Debug|Any CPU
		{B32BE082-6CAE-468E-B5EA-D9FFB7E47967}.Debug|x86.Build.0 = Debug|Any CPU
		{B32BE082-6CAE-468E-B5EA-D9FFB7E47967}.Release|Any CPU.ActiveCfg = Release|Any CPU
		{B32BE082-6CAE-468E-B5EA-D9FFB7E47967}.Release|Any CPU.Build.0 = Release|Any CPU
		{B32BE082-6CAE-468E-B5EA-D9FFB7E47967}.Release|x64.ActiveCfg = Release|Any CPU
		{B32BE082-6CAE-468E-B5EA-D9FFB7E47967}.Release|x64.Build.0 = Release|Any CPU
		{B32BE082-6CAE-468E-B5EA-D9FFB7E47967}.Release|x86.ActiveCfg = Release|Any CPU
		{B32BE082-6CAE-468E-B5EA-D9FFB7E47967}.Release|x86.Build.0 = Release|Any CPU
		{94EF07E1-6E9B-4AAF-9620-33BB5E51F6F7}.Debug|Any CPU.ActiveCfg = Debug|Any CPU
		{94EF07E1-6E9B-4AAF-9620-33BB5E51F6F7}.Debug|Any CPU.Build.0 = Debug|Any CPU
		{94EF07E1-6E9B-4AAF-9620-33BB5E51F6F7}.Debug|x64.ActiveCfg = Debug|Any CPU
		{94EF07E1-6E9B-4AAF-9620-33BB5E51F6F7}.Debug|x64.Build.0 = Debug|Any CPU
		{94EF07E1-6E9B-4AAF-9620-33BB5E51F6F7}.Debug|x86.ActiveCfg = Debug|Any CPU
		{94EF07E1-6E9B-4AAF-9620-33BB5E51F6F7}.Debug|x86.Build.0 = Debug|Any CPU
		{94EF07E1-6E9B-4AAF-9620-33BB5E51F6F7}.Release|Any CPU.ActiveCfg = Release|Any CPU
		{94EF07E1-6E9B-4AAF-9620-33BB5E51F6F7}.Release|Any CPU.Build.0 = Release|Any CPU
		{94EF07E1-6E9B-4AAF-9620-33BB5E51F6F7}.Release|x64.ActiveCfg = Release|Any CPU
		{94EF07E1-6E9B-4AAF-9620-33BB5E51F6F7}.Release|x64.Build.0 = Release|Any CPU
		{94EF07E1-6E9B-4AAF-9620-33BB5E51F6F7}.Release|x86.ActiveCfg = Release|Any CPU
		{94EF07E1-6E9B-4AAF-9620-33BB5E51F6F7}.Release|x86.Build.0 = Release|Any CPU
		{5F46505B-189A-4675-9141-752B9AB31D69}.Debug|Any CPU.ActiveCfg = Debug|Any CPU
		{5F46505B-189A-4675-9141-752B9AB31D69}.Debug|Any CPU.Build.0 = Debug|Any CPU
		{5F46505B-189A-4675-9141-752B9AB31D69}.Debug|x64.ActiveCfg = Debug|Any CPU
		{5F46505B-189A-4675-9141-752B9AB31D69}.Debug|x64.Build.0 = Debug|Any CPU
		{5F46505B-189A-4675-9141-752B9AB31D69}.Debug|x86.ActiveCfg = Debug|Any CPU
		{5F46505B-189A-4675-9141-752B9AB31D69}.Debug|x86.Build.0 = Debug|Any CPU
		{5F46505B-189A-4675-9141-752B9AB31D69}.Release|Any CPU.ActiveCfg = Release|Any CPU
		{5F46505B-189A-4675-9141-752B9AB31D69}.Release|Any CPU.Build.0 = Release|Any CPU
		{5F46505B-189A-4675-9141-752B9AB31D69}.Release|x64.ActiveCfg = Release|Any CPU
		{5F46505B-189A-4675-9141-752B9AB31D69}.Release|x64.Build.0 = Release|Any CPU
		{5F46505B-189A-4675-9141-752B9AB31D69}.Release|x86.ActiveCfg = Release|Any CPU
		{5F46505B-189A-4675-9141-752B9AB31D69}.Release|x86.Build.0 = Release|Any CPU
		{18FFD923-EA4A-499E-85B7-EA705BAF639C}.Debug|Any CPU.ActiveCfg = Debug|Any CPU
		{18FFD923-EA4A-499E-85B7-EA705BAF639C}.Debug|Any CPU.Build.0 = Debug|Any CPU
		{18FFD923-EA4A-499E-85B7-EA705BAF639C}.Debug|x64.ActiveCfg = Debug|Any CPU
		{18FFD923-EA4A-499E-85B7-EA705BAF639C}.Debug|x64.Build.0 = Debug|Any CPU
		{18FFD923-EA4A-499E-85B7-EA705BAF639C}.Debug|x86.ActiveCfg = Debug|Any CPU
		{18FFD923-EA4A-499E-85B7-EA705BAF639C}.Debug|x86.Build.0 = Debug|Any CPU
		{18FFD923-EA4A-499E-85B7-EA705BAF639C}.Release|Any CPU.ActiveCfg = Release|Any CPU
		{18FFD923-EA4A-499E-85B7-EA705BAF639C}.Release|Any CPU.Build.0 = Release|Any CPU
		{18FFD923-EA4A-499E-85B7-EA705BAF639C}.Release|x64.ActiveCfg = Release|Any CPU
		{18FFD923-EA4A-499E-85B7-EA705BAF639C}.Release|x64.Build.0 = Release|Any CPU
		{18FFD923-EA4A-499E-85B7-EA705BAF639C}.Release|x86.ActiveCfg = Release|Any CPU
		{18FFD923-EA4A-499E-85B7-EA705BAF639C}.Release|x86.Build.0 = Release|Any CPU
		{79161453-FDFE-4ADF-83AA-401EA6E80477}.Debug|Any CPU.ActiveCfg = Debug|Any CPU
		{79161453-FDFE-4ADF-83AA-401EA6E80477}.Debug|Any CPU.Build.0 = Debug|Any CPU
		{79161453-FDFE-4ADF-83AA-401EA6E80477}.Debug|x64.ActiveCfg = Debug|Any CPU
		{79161453-FDFE-4ADF-83AA-401EA6E80477}.Debug|x64.Build.0 = Debug|Any CPU
		{79161453-FDFE-4ADF-83AA-401EA6E80477}.Debug|x86.ActiveCfg = Debug|Any CPU
		{79161453-FDFE-4ADF-83AA-401EA6E80477}.Debug|x86.Build.0 = Debug|Any CPU
		{79161453-FDFE-4ADF-83AA-401EA6E80477}.Release|Any CPU.ActiveCfg = Release|Any CPU
		{79161453-FDFE-4ADF-83AA-401EA6E80477}.Release|Any CPU.Build.0 = Release|Any CPU
		{79161453-FDFE-4ADF-83AA-401EA6E80477}.Release|x64.ActiveCfg = Release|Any CPU
		{79161453-FDFE-4ADF-83AA-401EA6E80477}.Release|x64.Build.0 = Release|Any CPU
		{79161453-FDFE-4ADF-83AA-401EA6E80477}.Release|x86.ActiveCfg = Release|Any CPU
		{79161453-FDFE-4ADF-83AA-401EA6E80477}.Release|x86.Build.0 = Release|Any CPU
		{9421A524-64CC-4A66-8779-70C39EB9D5AD}.Debug|Any CPU.ActiveCfg = Debug|Any CPU
		{9421A524-64CC-4A66-8779-70C39EB9D5AD}.Debug|Any CPU.Build.0 = Debug|Any CPU
		{9421A524-64CC-4A66-8779-70C39EB9D5AD}.Debug|x64.ActiveCfg = Debug|Any CPU
		{9421A524-64CC-4A66-8779-70C39EB9D5AD}.Debug|x64.Build.0 = Debug|Any CPU
		{9421A524-64CC-4A66-8779-70C39EB9D5AD}.Debug|x86.ActiveCfg = Debug|Any CPU
		{9421A524-64CC-4A66-8779-70C39EB9D5AD}.Debug|x86.Build.0 = Debug|Any CPU
		{9421A524-64CC-4A66-8779-70C39EB9D5AD}.Release|Any CPU.ActiveCfg = Release|Any CPU
		{9421A524-64CC-4A66-8779-70C39EB9D5AD}.Release|Any CPU.Build.0 = Release|Any CPU
		{9421A524-64CC-4A66-8779-70C39EB9D5AD}.Release|x64.ActiveCfg = Release|Any CPU
		{9421A524-64CC-4A66-8779-70C39EB9D5AD}.Release|x64.Build.0 = Release|Any CPU
		{9421A524-64CC-4A66-8779-70C39EB9D5AD}.Release|x86.ActiveCfg = Release|Any CPU
		{9421A524-64CC-4A66-8779-70C39EB9D5AD}.Release|x86.Build.0 = Release|Any CPU
		{92D45A6C-6994-42D3-92BC-429AE7A373DD}.Debug|Any CPU.ActiveCfg = Debug|Any CPU
		{92D45A6C-6994-42D3-92BC-429AE7A373DD}.Debug|Any CPU.Build.0 = Debug|Any CPU
		{92D45A6C-6994-42D3-92BC-429AE7A373DD}.Debug|x64.ActiveCfg = Debug|Any CPU
		{92D45A6C-6994-42D3-92BC-429AE7A373DD}.Debug|x64.Build.0 = Debug|Any CPU
		{92D45A6C-6994-42D3-92BC-429AE7A373DD}.Debug|x86.ActiveCfg = Debug|Any CPU
		{92D45A6C-6994-42D3-92BC-429AE7A373DD}.Debug|x86.Build.0 = Debug|Any CPU
		{92D45A6C-6994-42D3-92BC-429AE7A373DD}.Release|Any CPU.ActiveCfg = Release|Any CPU
		{92D45A6C-6994-42D3-92BC-429AE7A373DD}.Release|Any CPU.Build.0 = Release|Any CPU
		{92D45A6C-6994-42D3-92BC-429AE7A373DD}.Release|x64.ActiveCfg = Release|Any CPU
		{92D45A6C-6994-42D3-92BC-429AE7A373DD}.Release|x64.Build.0 = Release|Any CPU
		{92D45A6C-6994-42D3-92BC-429AE7A373DD}.Release|x86.ActiveCfg = Release|Any CPU
		{92D45A6C-6994-42D3-92BC-429AE7A373DD}.Release|x86.Build.0 = Release|Any CPU
		{F1A94C71-BBC1-4979-B3F4-AF4DAA0CC704}.Debug|Any CPU.ActiveCfg = Debug|Any CPU
		{F1A94C71-BBC1-4979-B3F4-AF4DAA0CC704}.Debug|Any CPU.Build.0 = Debug|Any CPU
		{F1A94C71-BBC1-4979-B3F4-AF4DAA0CC704}.Debug|x64.ActiveCfg = Debug|Any CPU
		{F1A94C71-BBC1-4979-B3F4-AF4DAA0CC704}.Debug|x64.Build.0 = Debug|Any CPU
		{F1A94C71-BBC1-4979-B3F4-AF4DAA0CC704}.Debug|x86.ActiveCfg = Debug|Any CPU
		{F1A94C71-BBC1-4979-B3F4-AF4DAA0CC704}.Debug|x86.Build.0 = Debug|Any CPU
		{F1A94C71-BBC1-4979-B3F4-AF4DAA0CC704}.Release|Any CPU.ActiveCfg = Release|Any CPU
		{F1A94C71-BBC1-4979-B3F4-AF4DAA0CC704}.Release|Any CPU.Build.0 = Release|Any CPU
		{F1A94C71-BBC1-4979-B3F4-AF4DAA0CC704}.Release|x64.ActiveCfg = Release|Any CPU
		{F1A94C71-BBC1-4979-B3F4-AF4DAA0CC704}.Release|x64.Build.0 = Release|Any CPU
		{F1A94C71-BBC1-4979-B3F4-AF4DAA0CC704}.Release|x86.ActiveCfg = Release|Any CPU
		{F1A94C71-BBC1-4979-B3F4-AF4DAA0CC704}.Release|x86.Build.0 = Release|Any CPU
		{1F2E1339-3E3B-4061-A5EA-1931D8F4183B}.Debug|Any CPU.ActiveCfg = Debug|Any CPU
		{1F2E1339-3E3B-4061-A5EA-1931D8F4183B}.Debug|Any CPU.Build.0 = Debug|Any CPU
		{1F2E1339-3E3B-4061-A5EA-1931D8F4183B}.Debug|x64.ActiveCfg = Debug|Any CPU
		{1F2E1339-3E3B-4061-A5EA-1931D8F4183B}.Debug|x64.Build.0 = Debug|Any CPU
		{1F2E1339-3E3B-4061-A5EA-1931D8F4183B}.Debug|x86.ActiveCfg = Debug|Any CPU
		{1F2E1339-3E3B-4061-A5EA-1931D8F4183B}.Debug|x86.Build.0 = Debug|Any CPU
		{1F2E1339-3E3B-4061-A5EA-1931D8F4183B}.Release|Any CPU.ActiveCfg = Release|Any CPU
		{1F2E1339-3E3B-4061-A5EA-1931D8F4183B}.Release|Any CPU.Build.0 = Release|Any CPU
		{1F2E1339-3E3B-4061-A5EA-1931D8F4183B}.Release|x64.ActiveCfg = Release|Any CPU
		{1F2E1339-3E3B-4061-A5EA-1931D8F4183B}.Release|x64.Build.0 = Release|Any CPU
		{1F2E1339-3E3B-4061-A5EA-1931D8F4183B}.Release|x86.ActiveCfg = Release|Any CPU
		{1F2E1339-3E3B-4061-A5EA-1931D8F4183B}.Release|x86.Build.0 = Release|Any CPU
		{F9DB85C8-B279-463A-8E3B-2ADF596EF93B}.Debug|Any CPU.ActiveCfg = Debug|Any CPU
		{F9DB85C8-B279-463A-8E3B-2ADF596EF93B}.Debug|Any CPU.Build.0 = Debug|Any CPU
		{F9DB85C8-B279-463A-8E3B-2ADF596EF93B}.Debug|x64.ActiveCfg = Debug|Any CPU
		{F9DB85C8-B279-463A-8E3B-2ADF596EF93B}.Debug|x64.Build.0 = Debug|Any CPU
		{F9DB85C8-B279-463A-8E3B-2ADF596EF93B}.Debug|x86.ActiveCfg = Debug|Any CPU
		{F9DB85C8-B279-463A-8E3B-2ADF596EF93B}.Debug|x86.Build.0 = Debug|Any CPU
		{F9DB85C8-B279-463A-8E3B-2ADF596EF93B}.Release|Any CPU.ActiveCfg = Release|Any CPU
		{F9DB85C8-B279-463A-8E3B-2ADF596EF93B}.Release|Any CPU.Build.0 = Release|Any CPU
		{F9DB85C8-B279-463A-8E3B-2ADF596EF93B}.Release|x64.ActiveCfg = Release|Any CPU
		{F9DB85C8-B279-463A-8E3B-2ADF596EF93B}.Release|x64.Build.0 = Release|Any CPU
		{F9DB85C8-B279-463A-8E3B-2ADF596EF93B}.Release|x86.ActiveCfg = Release|Any CPU
		{F9DB85C8-B279-463A-8E3B-2ADF596EF93B}.Release|x86.Build.0 = Release|Any CPU
	EndGlobalSection
	GlobalSection(SolutionProperties) = preSolution
		HideSolutionNode = FALSE
	EndGlobalSection
	GlobalSection(NestedProjects) = preSolution
		{FDC5B9D0-713C-4437-B68B-82EC6D6EB0F0} = {BDA58F98-852C-405B-ADAE-0AA43CD12362}
		{169176A4-02AE-46E3-8AD3-E9318C9DBB28} = {BDA58F98-852C-405B-ADAE-0AA43CD12362}
		{B348C67F-2754-48B5-A7F9-5066AA56EB73} = {BDA58F98-852C-405B-ADAE-0AA43CD12362}
		{CD72A5DE-BB38-43B4-B5FC-ABCF62D5CA93} = {744A3C85-3ED9-4D7C-AD33-E88B07C19D77}
		{B88B534D-D5E0-479C-9DE4-808255D818F5} = {744A3C85-3ED9-4D7C-AD33-E88B07C19D77}
		{19131994-165C-4B8A-AB56-2B1F9B8695EF} = {744A3C85-3ED9-4D7C-AD33-E88B07C19D77}
		{3799EC13-3875-4208-AC09-F0866A94DC25} = {3E7FEB2C-2D83-411A-8957-CFCC6B13FDBC}
		{F5CA0C13-1C12-4BD0-9F9A-C7F55623DE21} = {3E7FEB2C-2D83-411A-8957-CFCC6B13FDBC}
		{B32BE082-6CAE-468E-B5EA-D9FFB7E47967} = {3E7FEB2C-2D83-411A-8957-CFCC6B13FDBC}
		{94EF07E1-6E9B-4AAF-9620-33BB5E51F6F7} = {6BECC7BA-754A-4D0F-88C1-1D04AF1D5395}
		{5F46505B-189A-4675-9141-752B9AB31D69} = {6BECC7BA-754A-4D0F-88C1-1D04AF1D5395}
		{18FFD923-EA4A-499E-85B7-EA705BAF639C} = {6BECC7BA-754A-4D0F-88C1-1D04AF1D5395}
		{79161453-FDFE-4ADF-83AA-401EA6E80477} = {0A98EAEE-2A98-4D34-9AF3-8CB38574D38B}
		{9421A524-64CC-4A66-8779-70C39EB9D5AD} = {0A98EAEE-2A98-4D34-9AF3-8CB38574D38B}
		{92D45A6C-6994-42D3-92BC-429AE7A373DD} = {0A98EAEE-2A98-4D34-9AF3-8CB38574D38B}
		{F1A94C71-BBC1-4979-B3F4-AF4DAA0CC704} = {793977BD-C857-48B0-B5E4-0ACF09CF37F6}
		{1F2E1339-3E3B-4061-A5EA-1931D8F4183B} = {793977BD-C857-48B0-B5E4-0ACF09CF37F6}
		{F9DB85C8-B279-463A-8E3B-2ADF596EF93B} = {793977BD-C857-48B0-B5E4-0ACF09CF37F6}
	EndGlobalSection
	GlobalSection(ExtensibilityGlobals) = postSolution
		SolutionGuid = {F486235E-9C26-4DEC-94D2-410009D2BD28}
	EndGlobalSection
EndGlobal
